
Microsoft Visual Studio Solution File, Format Version 12.00
# Visual Studio Version 17
VisualStudioVersion = 17.14.36221.1
MinimumVisualStudioVersion = 10.0.40219.1
Project("{FAE04EC0-301F-11D3-BF4B-00C04F79EFBC}") = "PantallaDEventas", "PantallaDEventas.csproj", "{05986432-CFCC-4344-AAC0-EE653287E287}"
EndProject
Project("{8BC9CEB8-8B4A-11D0-8D11-00A0C91BC942}") = "prueba1", "..\..\..\..\OneDrive\Escritorio\vds2_files\prueba1\prueba1.vcxproj", "{09560788-DD53-4C57-9413-93FEA9BA3CF2}"
EndProject
Global
	GlobalSection(SolutionConfigurationPlatforms) = preSolution
		Debug|Any CPU = Debug|Any CPU
		Debug|x64 = Debug|x64
		Debug|x86 = Debug|x86
		Release|Any CPU = Release|Any CPU
		Release|x64 = Release|x64
		Release|x86 = Release|x86
	EndGlobalSection
	GlobalSection(ProjectConfigurationPlatforms) = postSolution
		{05986432-CFCC-4344-AAC0-EE653287E287}.Debug|Any CPU.ActiveCfg = Debug|Any CPU
		{05986432-CFCC-4344-AAC0-EE653287E287}.Debug|Any CPU.Build.0 = Debug|Any CPU
		{05986432-CFCC-4344-AAC0-EE653287E287}.Debug|x64.ActiveCfg = Debug|Any CPU
		{05986432-CFCC-4344-AAC0-EE653287E287}.Debug|x64.Build.0 = Debug|Any CPU
		{05986432-CFCC-4344-AAC0-EE653287E287}.Debug|x86.ActiveCfg = Debug|Any CPU
		{05986432-CFCC-4344-AAC0-EE653287E287}.Debug|x86.Build.0 = Debug|Any CPU
		{05986432-CFCC-4344-AAC0-EE653287E287}.Release|Any CPU.ActiveCfg = Release|Any CPU
		{05986432-CFCC-4344-AAC0-EE653287E287}.Release|Any CPU.Build.0 = Release|Any CPU
		{05986432-CFCC-4344-AAC0-EE653287E287}.Release|x64.ActiveCfg = Release|Any CPU
		{05986432-CFCC-4344-AAC0-EE653287E287}.Release|x64.Build.0 = Release|Any CPU
		{05986432-CFCC-4344-AAC0-EE653287E287}.Release|x86.ActiveCfg = Release|Any CPU
		{05986432-CFCC-4344-AAC0-EE653287E287}.Release|x86.Build.0 = Release|Any CPU
		{09560788-DD53-4C57-9413-93FEA9BA3CF2}.Debug|Any CPU.ActiveCfg = Debug|x64
		{09560788-DD53-4C57-9413-93FEA9BA3CF2}.Debug|Any CPU.Build.0 = Debug|x64
		{09560788-DD53-4C57-9413-93FEA9BA3CF2}.Debug|x64.ActiveCfg = Debug|x64
		{09560788-DD53-4C57-9413-93FEA9BA3CF2}.Debug|x64.Build.0 = Debug|x64
		{09560788-DD53-4C57-9413-93FEA9BA3CF2}.Debug|x86.ActiveCfg = Debug|Win32
		{09560788-DD53-4C57-9413-93FEA9BA3CF2}.Debug|x86.Build.0 = Debug|Win32
		{09560788-DD53-4C57-9413-93FEA9BA3CF2}.Release|Any CPU.ActiveCfg = Release|x64
		{09560788-DD53-4C57-9413-93FEA9BA3CF2}.Release|Any CPU.Build.0 = Release|x64
		{09560788-DD53-4C57-9413-93FEA9BA3CF2}.Release|x64.ActiveCfg = Release|x64
		{09560788-DD53-4C57-9413-93FEA9BA3CF2}.Release|x64.Build.0 = Release|x64
		{09560788-DD53-4C57-9413-93FEA9BA3CF2}.Release|x86.ActiveCfg = Release|Win32
		{09560788-DD53-4C57-9413-93FEA9BA3CF2}.Release|x86.Build.0 = Release|Win32
	EndGlobalSection
	GlobalSection(SolutionProperties) = preSolution
		HideSolutionNode = FALSE
	EndGlobalSection
	GlobalSection(ExtensibilityGlobals) = postSolution
		SolutionGuid = {590D4E88-9730-4AE8-B65B-037575EDC1A2}
	EndGlobalSection
EndGlobal
